{
  "nodes": {
    "flake-parts": {
      "inputs": {
        "nixpkgs-lib": "nixpkgs-lib"
      },
      "locked": {
        "lastModified": 1693611461,
        "narHash": "sha256-aPODl8vAgGQ0ZYFIRisxYG5MOGSkIczvu2Cd8Gb9+1Y=",
        "owner": "hercules-ci",
        "repo": "flake-parts",
        "rev": "7f53fdb7bdc5bb237da7fefef12d099e4fd611ca",
        "type": "github"
      },
      "original": {
        "owner": "hercules-ci",
        "repo": "flake-parts",
        "type": "github"
      }
    },
    "flake-utils": {
      "inputs": {
        "systems": "systems"
      },
      "locked": {
        "lastModified": 1731533236,
        "narHash": "sha256-l0KFg5HjrsfsO/JpG+r7fRrqm12kzFHyUHqHCVpMMbI=",
        "owner": "numtide",
        "repo": "flake-utils",
        "rev": "11707dc2f618dd54ca8739b309ec4fc024de578b",
        "type": "github"
      },
      "original": {
        "id": "flake-utils",
        "type": "indirect"
      }
    },
    "nixpkgs": {
      "locked": {
        "lastModified": 1771008912,
        "narHash": "sha256-gf2AmWVTs8lEq7z/3ZAsgnZDhWIckkb+ZnAo5RzSxJg=",
        "owner": "NixOS",
        "repo": "nixpkgs",
        "rev": "a82ccc39b39b621151d6732718e3e250109076fa",
        "type": "github"
      },
      "original": {
        "owner": "NixOS",
        "ref": "nixos-unstable",
        "repo": "nixpkgs",
        "type": "github"
      }
    },
    "nixpkgs-lib": {
      "locked": {
        "dir": "lib",
        "lastModified": 1693471703,
        "narHash": "sha256-0l03ZBL8P1P6z8MaSDS/MvuU8E75rVxe5eE1N6gxeTo=",
        "owner": "NixOS",
        "repo": "nixpkgs",
        "rev": "3e52e76b70d5508f3cec70b882a29199f4d1ee85",
        "type": "github"
      },
      "original": {
        "dir": "lib",
        "owner": "NixOS",
        "ref": "nixos-unstable",
        "repo": "nixpkgs",
        "type": "github"
      }
    },
    "nixpkgs_2": {
      "locked": {
        "lastModified": 1770537093,
        "narHash": "sha256-pF1quXG5wsgtyuPOHcLfYg/ft/QMr8NnX0i6tW2187s=",
        "owner": "NixOS",
        "repo": "nixpkgs",
        "rev": "fef9403a3e4d31b0a23f0bacebbec52c248fbb51",
        "type": "github"
      },
      "original": {
        "owner": "NixOS",
        "ref": "nixpkgs-unstable",
        "repo": "nixpkgs",
        "type": "github"
      }
    },
    "polkadot": {
      "inputs": {
        "nixpkgs": "nixpkgs_2",
        "systems": "systems_2",
        "zombienet": "zombienet"
      },
      "locked": {
        "lastModified": 1770629265,
        "narHash": "sha256-7VnRCIh4oSMQm1lqLA39deNlMxX4nYb4ePCng74nsu8=",
        "owner": "andresilva",
        "repo": "polkadot.nix",
        "rev": "86f988a07f15b06ae2e1dd96ddd1edf9dd8354c7",
        "type": "github"
      },
      "original": {
        "owner": "andresilva",
        "repo": "polkadot.nix",
        "type": "github"
      }
    },
    "process-compose": {
      "locked": {
        "lastModified": 1693927910,
        "narHash": "sha256-qPKHnWWzHS2bAi/SsFePQkGFeC2E1jklUjEidfQwYLc=",
        "owner": "Platonic-Systems",
        "repo": "process-compose-flake",
        "rev": "5494afa0b6a7bc4ccf82ef1c36fe1fcdb4217255",
        "type": "github"
      },
      "original": {
        "owner": "Platonic-Systems",
        "repo": "process-compose-flake",
        "type": "github"
      }
    },
    "root": {
      "inputs": {
        "flake-utils": "flake-utils",
        "nixpkgs": "nixpkgs",
        "polkadot": "polkadot",
        "rust-overlay": "rust-overlay"
      }
    },
    "rust-overlay": {
      "inputs": {
        "nixpkgs": [
          "nixpkgs"
        ]
      },
      "locked": {
        "lastModified": 1771038269,
        "narHash": "sha256-TygYZ7JhnJbRoWOk7d5HaA/GhEVCvtRruN7TqaN9s/c=",
        "owner": "oxalica",
        "repo": "rust-overlay",
        "rev": "d7a86c8a4df49002446737603a3e0d7ef91a9637",
        "type": "github"
      },
      "original": {
        "owner": "oxalica",
        "repo": "rust-overlay",
        "type": "github"
      }
    },
    "systems": {
      "locked": {
        "lastModified": 1681028828,
        "narHash": "sha256-Vy1rq5AaRuLzOxct8nz4T6wlgyUR7zLU309k9mBC768=",
        "owner": "nix-systems",
        "repo": "default",
        "rev": "da67096a3b9bf56a91d16901293e51ba5b49a27e",
        "type": "github"
      },
      "original": {
        "owner": "nix-systems",
        "repo": "default",
        "type": "github"
      }
    },
    "systems_2": {
      "locked": {
        "lastModified": 1681028828,
        "narHash": "sha256-Vy1rq5AaRuLzOxct8nz4T6wlgyUR7zLU309k9mBC768=",
        "owner": "nix-systems",
        "repo": "default",
        "rev": "da67096a3b9bf56a91d16901293e51ba5b49a27e",
        "type": "github"
      },
      "original": {
        "owner": "nix-systems",
        "repo": "default",
        "type": "github"
      }
    },
    "zombienet": {
      "inputs": {
        "flake-parts": "flake-parts",
        "nixpkgs": [
          "polkadot",
          "nixpkgs"
        ],
        "process-compose": "process-compose"
      },
      "locked": {
        "lastModified": 1767976806,
        "narHash": "sha256-Wx0x4vVLGjh8ncW0NdhnUWoXFRehezKER8whBdBztFE=",
        "owner": "paritytech",
        "repo": "zombienet",
        "rev": "bc7877e537552f0f02401259ad4a75602d37b050",
        "type": "github"
      },
      "original": {
        "owner": "paritytech",
        "repo": "zombienet",
        "type": "github"
      }
    }
  },
  "root": "root",
  "version": 7
}
